// !$*UTF8*$!
{
	archiveVersion = 1;
	classes = {
	};
	objectVersion = 56;
	objects = {

/* Begin PBXBuildFile section */
		522626042A508AB800DB0963 /* AppDelegate.swift in Sources */ = {isa = PBXBuildFile; fileRef = 522626032A508AB800DB0963 /* AppDelegate.swift */; };
		522626062A508AB800DB0963 /* SceneDelegate.swift in Sources */ = {isa = PBXBuildFile; fileRef = 522626052A508AB800DB0963 /* SceneDelegate.swift */; };
		5226260B2A508AB800DB0963 /* Main.storyboard in Resources */ = {isa = PBXBuildFile; fileRef = 522626092A508AB800DB0963 /* Main.storyboard */; };
		5226260D2A508AB800DB0963 /* Assets.xcassets in Resources */ = {isa = PBXBuildFile; fileRef = 5226260C2A508AB800DB0963 /* Assets.xcassets */; };
		522626102A508AB800DB0963 /* LaunchScreen.storyboard in Resources */ = {isa = PBXBuildFile; fileRef = 5226260E2A508AB800DB0963 /* LaunchScreen.storyboard */; };
		5226261B2A508AB900DB0963 /* RickAndMortyTests.swift in Sources */ = {isa = PBXBuildFile; fileRef = 5226261A2A508AB900DB0963 /* RickAndMortyTests.swift */; };
		522626252A508AB900DB0963 /* RickAndMortyUITests.swift in Sources */ = {isa = PBXBuildFile; fileRef = 522626242A508AB900DB0963 /* RickAndMortyUITests.swift */; };
		522626272A508AB900DB0963 /* RickAndMortyUITestsLaunchTests.swift in Sources */ = {isa = PBXBuildFile; fileRef = 522626262A508AB900DB0963 /* RickAndMortyUITestsLaunchTests.swift */; };
		522626342A508EEE00DB0963 /* CharactersTableVC.swift in Sources */ = {isa = PBXBuildFile; fileRef = 522626332A508EEE00DB0963 /* CharactersTableVC.swift */; };
		522626362A5090BF00DB0963 /* CharacterInfoVC.swift in Sources */ = {isa = PBXBuildFile; fileRef = 522626352A5090BF00DB0963 /* CharacterInfoVC.swift */; };
		522626382A50948600DB0963 /* CharacterTableViewCell.swift in Sources */ = {isa = PBXBuildFile; fileRef = 522626372A50948600DB0963 /* CharacterTableViewCell.swift */; };
		5226263B2A51B18E00DB0963 /* morty1.png in Resources */ = {isa = PBXBuildFile; fileRef = 5226263A2A51B18E00DB0963 /* morty1.png */; };
		5226263D2A51B4E600DB0963 /* morty2.png in Resources */ = {isa = PBXBuildFile; fileRef = 5226263C2A51B4E600DB0963 /* morty2.png */; };
/* End PBXBuildFile section */

/* Begin PBXContainerItemProxy section */
		522626172A508AB900DB0963 /* PBXContainerItemProxy */ = {
			isa = PBXContainerItemProxy;
			containerPortal = 522625F82A508AB800DB0963 /* Project object */;
			proxyType = 1;
			remoteGlobalIDString = 522625FF2A508AB800DB0963;
			remoteInfo = RickAndMorty;
		};
		522626212A508AB900DB0963 /* PBXContainerItemProxy */ = {
			isa = PBXContainerItemProxy;
			containerPortal = 522625F82A508AB800DB0963 /* Project object */;
			proxyType = 1;
			remoteGlobalIDString = 522625FF2A508AB800DB0963;
			remoteInfo = RickAndMorty;
		};
/* End PBXContainerItemProxy section */

/* Begin PBXFileReference section */
		522626002A508AB800DB0963 /* RickAndMorty.app */ = {isa = PBXFileReference; explicitFileType = wrapper.application; includeInIndex = 0; path = RickAndMorty.app; sourceTree = BUILT_PRODUCTS_DIR; };
		522626032A508AB800DB0963 /* AppDelegate.swift */ = {isa = PBXFileReference; lastKnownFileType = sourcecode.swift; path = AppDelegate.swift; sourceTree = "<group>"; };
		522626052A508AB800DB0963 /* SceneDelegate.swift */ = {isa = PBXFileReference; lastKnownFileType = sourcecode.swift; path = SceneDelegate.swift; sourceTree = "<group>"; };
		5226260A2A508AB800DB0963 /* Base */ = {isa = PBXFileReference; lastKnownFileType = file.storyboard; name = Base; path = Base.lproj/Main.storyboard; sourceTree = "<group>"; };
		5226260C2A508AB800DB0963 /* Assets.xcassets */ = {isa = PBXFileReference; lastKnownFileType = folder.assetcatalog; path = Assets.xcassets; sourceTree = "<group>"; };
		5226260F2A508AB800DB0963 /* Base */ = {isa = PBXFileReference; lastKnownFileType = file.storyboard; name = Base; path = Base.lproj/LaunchScreen.storyboard; sourceTree = "<group>"; };
		522626112A508AB900DB0963 /* Info.plist */ = {isa = PBXFileReference; lastKnownFileType = text.plist.xml; path = Info.plist; sourceTree = "<group>"; };
		522626162A508AB900DB0963 /* RickAndMortyTests.xctest */ = {isa = PBXFileReference; explicitFileType = wrapper.cfbundle; includeInIndex = 0; path = RickAndMortyTests.xctest; sourceTree = BUILT_PRODUCTS_DIR; };
		5226261A2A508AB900DB0963 /* RickAndMortyTests.swift */ = {isa = PBXFileReference; lastKnownFileType = sourcecode.swift; path = RickAndMortyTests.swift; sourceTree = "<group>"; };
		522626202A508AB900DB0963 /* RickAndMortyUITests.xctest */ = {isa = PBXFileReference; explicitFileType = wrapper.cfbundle; includeInIndex = 0; path = RickAndMortyUITests.xctest; sourceTree = BUILT_PRODUCTS_DIR; };
		522626242A508AB900DB0963 /* RickAndMortyUITests.swift */ = {isa = PBXFileReference; lastKnownFileType = sourcecode.swift; path = RickAndMortyUITests.swift; sourceTree = "<group>"; };
		522626262A508AB900DB0963 /* RickAndMortyUITestsLaunchTests.swift */ = {isa = PBXFileReference; lastKnownFileType = sourcecode.swift; path = RickAndMortyUITestsLaunchTests.swift; sourceTree = "<group>"; };
		522626332A508EEE00DB0963 /* CharactersTableVC.swift */ = {isa = PBXFileReference; lastKnownFileType = sourcecode.swift; path = CharactersTableVC.swift; sourceTree = "<group>"; };
		522626352A5090BF00DB0963 /* CharacterInfoVC.swift */ = {isa = PBXFileReference; lastKnownFileType = sourcecode.swift; path = CharacterInfoVC.swift; sourceTree = "<group>"; };
		522626372A50948600DB0963 /* CharacterTableViewCell.swift */ = {isa = PBXFileReference; lastKnownFileType = sourcecode.swift; path = CharacterTableViewCell.swift; sourceTree = "<group>"; };
		5226263A2A51B18E00DB0963 /* morty1.png */ = {isa = PBXFileReference; lastKnownFileType = image.png; name = morty1.png; path = ../../../../../../../var/folders/nt/ql8lzvx52bg19b1g9dst1qkr0000gn/T/TemporaryItems/NSIRD_screencaptureui_Eu0K1n/morty1.png; sourceTree = "<group>"; };
		5226263C2A51B4E600DB0963 /* morty2.png */ = {isa = PBXFileReference; lastKnownFileType = image.png; name = morty2.png; path = ../../../../../Desktop/morty2.png; sourceTree = "<group>"; };
/* End PBXFileReference section */

/* Begin PBXFrameworksBuildPhase section */
		522625FD2A508AB800DB0963 /* Frameworks */ = {
			isa = PBXFrameworksBuildPhase;
			buildActionMask = 2147483647;
			files = (
			);
			runOnlyForDeploymentPostprocessing = 0;
		};
		522626132A508AB900DB0963 /* Frameworks */ = {
			isa = PBXFrameworksBuildPhase;
			buildActionMask = 2147483647;
			files = (
			);
			runOnlyForDeploymentPostprocessing = 0;
		};
		5226261D2A508AB900DB0963 /* Frameworks */ = {
			isa = PBXFrameworksBuildPhase;
			buildActionMask = 2147483647;
			files = (
			);
			runOnlyForDeploymentPostprocessing = 0;
		};
/* End PBXFrameworksBuildPhase section */

/* Begin PBXGroup section */
		522625F72A508AB800DB0963 = {
			isa = PBXGroup;
			children = (
				522626022A508AB800DB0963 /* RickAndMorty */,
				522626192A508AB900DB0963 /* RickAndMortyTests */,
				522626232A508AB900DB0963 /* RickAndMortyUITests */,
				522626012A508AB800DB0963 /* Products */,
			);
			sourceTree = "<group>";
		};
		522626012A508AB800DB0963 /* Products */ = {
			isa = PBXGroup;
			children = (
				522626002A508AB800DB0963 /* RickAndMorty.app */,
				522626162A508AB900DB0963 /* RickAndMortyTests.xctest */,
				522626202A508AB900DB0963 /* RickAndMortyUITests.xctest */,
			);
			name = Products;
			sourceTree = "<group>";
		};
		522626022A508AB800DB0963 /* RickAndMorty */ = {
			isa = PBXGroup;
			children = (
				522626392A51B12800DB0963 /* Photos */,
				522626032A508AB800DB0963 /* AppDelegate.swift */,
				522626052A508AB800DB0963 /* SceneDelegate.swift */,
				522626332A508EEE00DB0963 /* CharactersTableVC.swift */,
				522626372A50948600DB0963 /* CharacterTableViewCell.swift */,
				522626352A5090BF00DB0963 /* CharacterInfoVC.swift */,
				522626092A508AB800DB0963 /* Main.storyboard */,
				5226260C2A508AB800DB0963 /* Assets.xcassets */,
				5226260E2A508AB800DB0963 /* LaunchScreen.storyboard */,
				522626112A508AB900DB0963 /* Info.plist */,
			);
			path = RickAndMorty;
			sourceTree = "<group>";
		};
		522626192A508AB900DB0963 /* RickAndMortyTests */ = {
			isa = PBXGroup;
			children = (
				5226261A2A508AB900DB0963 /* RickAndMortyTests.swift */,
			);
			path = RickAndMortyTests;
			sourceTree = "<group>";
		};
		522626232A508AB900DB0963 /* RickAndMortyUITests */ = {
			isa = PBXGroup;
			children = (
				522626242A508AB900DB0963 /* RickAndMortyUITests.swift */,
				522626262A508AB900DB0963 /* RickAndMortyUITestsLaunchTests.swift */,
			);
			path = RickAndMortyUITests;
			sourceTree = "<group>";
		};
		522626392A51B12800DB0963 /* Photos */ = {
			isa = PBXGroup;
			children = (
				5226263C2A51B4E600DB0963 /* morty2.png */,
				5226263A2A51B18E00DB0963 /* morty1.png */,
			);
			path = Photos;
			sourceTree = "<group>";
		};
/* End PBXGroup section */

/* Begin PBXNativeTarget section */
		522625FF2A508AB800DB0963 /* RickAndMorty */ = {
			isa = PBXNativeTarget;
			buildConfigurationList = 5226262A2A508AB900DB0963 /* Build configuration list for PBXNativeTarget "RickAndMorty" */;
			buildPhases = (
				522625FC2A508AB800DB0963 /* Sources */,
				522625FD2A508AB800DB0963 /* Frameworks */,
				522625FE2A508AB800DB0963 /* Resources */,
			);
			buildRules = (
			);
			dependencies = (
			);
			name = RickAndMorty;
			productName = RickAndMorty;
			productReference = 522626002A508AB800DB0963 /* RickAndMorty.app */;
			productType = "com.apple.product-type.application";
		};
		522626152A508AB900DB0963 /* RickAndMortyTests */ = {
			isa = PBXNativeTarget;
			buildConfigurationList = 5226262D2A508AB900DB0963 /* Build configuration list for PBXNativeTarget "RickAndMortyTests" */;
			buildPhases = (
				522626122A508AB900DB0963 /* Sources */,
				522626132A508AB900DB0963 /* Frameworks */,
				522626142A508AB900DB0963 /* Resources */,
			);
			buildRules = (
			);
			dependencies = (
				522626182A508AB900DB0963 /* PBXTargetDependency */,
			);
			name = RickAndMortyTests;
			productName = RickAndMortyTests;
			productReference = 522626162A508AB900DB0963 /* RickAndMortyTests.xctest */;
			productType = "com.apple.product-type.bundle.unit-test";
		};
		5226261F2A508AB900DB0963 /* RickAndMortyUITests */ = {
			isa = PBXNativeTarget;
			buildConfigurationList = 522626302A508AB900DB0963 /* Build configuration list for PBXNativeTarget "RickAndMortyUITests" */;
			buildPhases = (
				5226261C2A508AB900DB0963 /* Sources */,
				5226261D2A508AB900DB0963 /* Frameworks */,
				5226261E2A508AB900DB0963 /* Resources */,
			);
			buildRules = (
			);
			dependencies = (
				522626222A508AB900DB0963 /* PBXTargetDependency */,
			);
			name = RickAndMortyUITests;
			productName = RickAndMortyUITests;
			productReference = 522626202A508AB900DB0963 /* RickAndMortyUITests.xctest */;
			productType = "com.apple.product-type.bundle.ui-testing";
		};
/* End PBXNativeTarget section */

/* Begin PBXProject section */
		522625F82A508AB800DB0963 /* Project object */ = {
			isa = PBXProject;
			attributes = {
				BuildIndependentTargetsInParallel = 1;
				LastSwiftUpdateCheck = 1420;
				LastUpgradeCheck = 1420;
				TargetAttributes = {
					522625FF2A508AB800DB0963 = {
						CreatedOnToolsVersion = 14.2;
					};
					522626152A508AB900DB0963 = {
						CreatedOnToolsVersion = 14.2;
						TestTargetID = 522625FF2A508AB800DB0963;
					};
					5226261F2A508AB900DB0963 = {
						CreatedOnToolsVersion = 14.2;
						TestTargetID = 522625FF2A508AB800DB0963;
					};
				};
			};
			buildConfigurationList = 522625FB2A508AB800DB0963 /* Build configuration list for PBXProject "RickAndMorty" */;
			compatibilityVersion = "Xcode 14.0";
			developmentRegion = en;
			hasScannedForEncodings = 0;
			knownRegions = (
				en,
				Base,
			);
			mainGroup = 522625F72A508AB800DB0963;
			productRefGroup = 522626012A508AB800DB0963 /* Products */;
			projectDirPath = "";
			projectRoot = "";
			targets = (
				522625FF2A508AB800DB0963 /* RickAndMorty */,
				522626152A508AB900DB0963 /* RickAndMortyTests */,
				5226261F2A508AB900DB0963 /* RickAndMortyUITests */,
			);
		};
/* End PBXProject section */

/* Begin PBXResourcesBuildPhase section */
		522625FE2A508AB800DB0963 /* Resources */ = {
			isa = PBXResourcesBuildPhase;
			buildActionMask = 2147483647;
			files = (
				5226263B2A51B18E00DB0963 /* morty1.png in Resources */,
				522626102A508AB800DB0963 /* LaunchScreen.storyboard in Resources */,
				5226260D2A508AB800DB0963 /* Assets.xcassets in Resources */,
				5226260B2A508AB800DB0963 /* Main.storyboard in Resources */,
				5226263D2A51B4E600DB0963 /* morty2.png in Resources */,
			);
			runOnlyForDeploymentPostprocessing = 0;
		};
		522626142A508AB900DB0963 /* Resources */ = {
			isa = PBXResourcesBuildPhase;
			buildActionMask = 2147483647;
			files = (
			);
			runOnlyForDeploymentPostprocessing = 0;
		};
		5226261E2A508AB900DB0963 /* Resources */ = {
			isa = PBXResourcesBuildPhase;
			buildActionMask = 2147483647;
			files = (
			);
			runOnlyForDeploymentPostprocessing = 0;
		};
/* End PBXResourcesBuildPhase section */

/* Begin PBXSourcesBuildPhase section */
		522625FC2A508AB800DB0963 /* Sources */ = {
			isa = PBXSourcesBuildPhase;
			buildActionMask = 2147483647;
			files = (
				522626042A508AB800DB0963 /* AppDelegate.swift in Sources */,
				522626062A508AB800DB0963 /* SceneDelegate.swift in Sources */,
				522626382A50948600DB0963 /* CharacterTableViewCell.swift in Sources */,
				522626362A5090BF00DB0963 /* CharacterInfoVC.swift in Sources */,
				522626342A508EEE00DB0963 /* CharactersTableVC.swift in Sources */,
			);
			runOnlyForDeploymentPostprocessing = 0;
		};
		522626122A508AB900DB0963 /* Sources */ = {
			isa = PBXSourcesBuildPhase;
			buildActionMask = 2147483647;
			files = (
				5226261B2A508AB900DB0963 /* RickAndMortyTests.swift in Sources */,
			);
			runOnlyForDeploymentPostprocessing = 0;
		};
		5226261C2A508AB900DB0963 /* Sources */ = {
			isa = PBXSourcesBuildPhase;
			buildActionMask = 2147483647;
			files = (
				522626252A508AB900DB0963 /* RickAndMortyUITests.swift in Sources */,
				522626272A508AB900DB0963 /* RickAndMortyUITestsLaunchTests.swift in Sources */,
			);
			runOnlyForDeploymentPostprocessing = 0;
		};
/* End PBXSourcesBuildPhase section */

/* Begin PBXTargetDependency section */
		522626182A508AB900DB0963 /* PBXTargetDependency */ = {
			isa = PBXTargetDependency;
			target = 522625FF2A508AB800DB0963 /* RickAndMorty */;
			targetProxy = 522626172A508AB900DB0963 /* PBXContainerItemProxy */;
		};
		522626222A508AB900DB0963 /* PBXTargetDependency */ = {
			isa = PBXTargetDependency;
			target = 522625FF2A508AB800DB0963 /* RickAndMorty */;
			targetProxy = 522626212A508AB900DB0963 /* PBXContainerItemProxy */;
		};
/* End PBXTargetDependency section */

/* Begin PBXVariantGroup section */
		522626092A508AB800DB0963 /* Main.storyboard */ = {
			isa = PBXVariantGroup;
			children = (
				5226260A2A508AB800DB0963 /* Base */,
			);
			name = Main.storyboard;
			sourceTree = "<group>";
		};
		5226260E2A508AB800DB0963 /* LaunchScreen.storyboard */ = {
			isa = PBXVariantGroup;
			children = (
				5226260F2A508AB800DB0963 /* Base */,
			);
			name = LaunchScreen.storyboard;
			sourceTree = "<group>";
		};
/* End PBXVariantGroup section */

/* Begin XCBuildConfiguration section */
		522626282A508AB900DB0963 /* Debug */ = {
			isa = XCBuildConfiguration;
			buildSettings = {
				ALWAYS_SEARCH_USER_PATHS = NO;
				CLANG_ANALYZER_NONNULL = YES;
				CLANG_ANALYZER_NUMBER_OBJECT_CONVERSION = YES_AGGRESSIVE;
				CLANG_CXX_LANGUAGE_STANDARD = "gnu++20";
				CLANG_ENABLE_MODULES = YES;
				CLANG_ENABLE_OBJC_ARC = YES;
				CLANG_ENABLE_OBJC_WEAK = YES;
				CLANG_WARN_BLOCK_CAPTURE_AUTORELEASING = YES;
				CLANG_WARN_BOOL_CONVERSION = YES;
				CLANG_WARN_COMMA = YES;
				CLANG_WARN_CONSTANT_CONVERSION = YES;
				CLANG_WARN_DEPRECATED_OBJC_IMPLEMENTATIONS = YES;
				CLANG_WARN_DIRECT_OBJC_ISA_USAGE = YES_ERROR;
				CLANG_WARN_DOCUMENTATION_COMMENTS = YES;
				CLANG_WARN_EMPTY_BODY = YES;
				CLANG_WARN_ENUM_CONVERSION = YES;
				CLANG_WARN_INFINITE_RECURSION = YES;
				CLANG_WARN_INT_CONVERSION = YES;
				CLANG_WARN_NON_LITERAL_NULL_CONVERSION = YES;
				CLANG_WARN_OBJC_IMPLICIT_RETAIN_SELF = YES;
				CLANG_WARN_OBJC_LITERAL_CONVERSION = YES;
				CLANG_WARN_OBJC_ROOT_CLASS = YES_ERROR;
				CLANG_WARN_QUOTED_INCLUDE_IN_FRAMEWORK_HEADER = YES;
				CLANG_WARN_RANGE_LOOP_ANALYSIS = YES;
				CLANG_WARN_STRICT_PROTOTYPES = YES;
				CLANG_WARN_SUSPICIOUS_MOVE = YES;
				CLANG_WARN_UNGUARDED_AVAILABILITY = YES_AGGRESSIVE;
				CLANG_WARN_UNREACHABLE_CODE = YES;
				CLANG_WARN__DUPLICATE_METHOD_MATCH = YES;
				COPY_PHASE_STRIP = NO;
				DEBUG_INFORMATION_FORMAT = dwarf;
				ENABLE_STRICT_OBJC_MSGSEND = YES;
				ENABLE_TESTABILITY = YES;
				GCC_C_LANGUAGE_STANDARD = gnu11;
				GCC_DYNAMIC_NO_PIC = NO;
				GCC_NO_COMMON_BLOCKS = YES;
				GCC_OPTIMIZATION_LEVEL = 0;
				GCC_PREPROCESSOR_DEFINITIONS = (
					"DEBUG=1",
					"$(inherited)",
				);
				GCC_WARN_64_TO_32_BIT_CONVERSION = YES;
				GCC_WARN_ABOUT_RETURN_TYPE = YES_ERROR;
				GCC_WARN_UNDECLARED_SELECTOR = YES;
				GCC_WARN_UNINITIALIZED_AUTOS = YES_AGGRESSIVE;
				GCC_WARN_UNUSED_FUNCTION = YES;
				GCC_WARN_UNUSED_VARIABLE = YES;
				IPHONEOS_DEPLOYMENT_TARGET = 16.2;
				MTL_ENABLE_DEBUG_INFO = INCLUDE_SOURCE;
				MTL_FAST_MATH = YES;
				ONLY_ACTIVE_ARCH = YES;
				SDKROOT = iphoneos;
				SWIFT_ACTIVE_COMPILATION_CONDITIONS = DEBUG;
				SWIFT_OPTIMIZATION_LEVEL = "-Onone";
			};
			name = Debug;
		};
		522626292A508AB900DB0963 /* Release */ = {
			isa = XCBuildConfiguration;
			buildSettings = {
				ALWAYS_SEARCH_USER_PATHS = NO;
				CLANG_ANALYZER_NONNULL = YES;
				CLANG_ANALYZER_NUMBER_OBJECT_CONVERSION = YES_AGGRESSIVE;
				CLANG_CXX_LANGUAGE_STANDARD = "gnu++20";
				CLANG_ENABLE_MODULES = YES;
				CLANG_ENABLE_OBJC_ARC = YES;
				CLANG_ENABLE_OBJC_WEAK = YES;
				CLANG_WARN_BLOCK_CAPTURE_AUTORELEASING = YES;
				CLANG_WARN_BOOL_CONVERSION = YES;
				CLANG_WARN_COMMA = YES;
				CLANG_WARN_CONSTANT_CONVERSION = YES;
				CLANG_WARN_DEPRECATED_OBJC_IMPLEMENTATIONS = YES;
				CLANG_WARN_DIRECT_OBJC_ISA_USAGE = YES_ERROR;
				CLANG_WARN_DOCUMENTATION_COMMENTS = YES;
				CLANG_WARN_EMPTY_BODY = YES;
				CLANG_WARN_ENUM_CONVERSION = YES;
				CLANG_WARN_INFINITE_RECURSION = YES;
				CLANG_WARN_INT_CONVERSION = YES;
				CLANG_WARN_NON_LITERAL_NULL_CONVERSION = YES;
				CLANG_WARN_OBJC_IMPLICIT_RETAIN_SELF = YES;
				CLANG_WARN_OBJC_LITERAL_CONVERSION = YES;
				CLANG_WARN_OBJC_ROOT_CLASS = YES_ERROR;
				CLANG_WARN_QUOTED_INCLUDE_IN_FRAMEWORK_HEADER = YES;
				CLANG_WARN_RANGE_LOOP_ANALYSIS = YES;
				CLANG_WARN_STRICT_PROTOTYPES = YES;
				CLANG_WARN_SUSPICIOUS_MOVE = YES;
				CLANG_WARN_UNGUARDED_AVAILABILITY = YES_AGGRESSIVE;
				CLANG_WARN_UNREACHABLE_CODE = YES;
				CLANG_WARN__DUPLICATE_METHOD_MATCH = YES;
				COPY_PHASE_STRIP = NO;
				DEBUG_INFORMATION_FORMAT = "dwarf-with-dsym";
				ENABLE_NS_ASSERTIONS = NO;
				ENABLE_STRICT_OBJC_MSGSEND = YES;
				GCC_C_LANGUAGE_STANDARD = gnu11;
				GCC_NO_COMMON_BLOCKS = YES;
				GCC_WARN_64_TO_32_BIT_CONVERSION = YES;
				GCC_WARN_ABOUT_RETURN_TYPE = YES_ERROR;
				GCC_WARN_UNDECLARED_SELECTOR = YES;
				GCC_WARN_UNINITIALIZED_AUTOS = YES_AGGRESSIVE;
				GCC_WARN_UNUSED_FUNCTION = YES;
				GCC_WARN_UNUSED_VARIABLE = YES;
				IPHONEOS_DEPLOYMENT_TARGET = 16.2;
				MTL_ENABLE_DEBUG_INFO = NO;
				MTL_FAST_MATH = YES;
				SDKROOT = iphoneos;
				SWIFT_COMPILATION_MODE = wholemodule;
				SWIFT_OPTIMIZATION_LEVEL = "-O";
				VALIDATE_PRODUCT = YES;
			};
			name = Release;
		};
		5226262B2A508AB900DB0963 /* Debug */ = {
			isa = XCBuildConfiguration;
			buildSettings = {
				ASSETCATALOG_COMPILER_APPICON_NAME = AppIcon;
				ASSETCATALOG_COMPILER_GLOBAL_ACCENT_COLOR_NAME = AccentColor;
				CODE_SIGN_STYLE = Automatic;
				CURRENT_PROJECT_VERSION = 1;
				DEVELOPMENT_TEAM = XA5L2M5MVF;
				GENERATE_INFOPLIST_FILE = YES;
				INFOPLIST_FILE = RickAndMorty/Info.plist;
				INFOPLIST_KEY_UIApplicationSupportsIndirectInputEvents = YES;
				INFOPLIST_KEY_UILaunchStoryboardName = LaunchScreen;
				INFOPLIST_KEY_UIMainStoryboardFile = Main;
				INFOPLIST_KEY_UISupportedInterfaceOrientations_iPad = "UIInterfaceOrientationPortrait UIInterfaceOrientationPortraitUpsideDown UIInterfaceOrientationLandscapeLeft UIInterfaceOrientationLandscapeRight";
				INFOPLIST_KEY_UISupportedInterfaceOrientations_iPhone = "UIInterfaceOrientationPortrait UIInterfaceOrientationLandscapeLeft UIInterfaceOrientationLandscapeRight";
				LD_RUNPATH_SEARCH_PATHS = (
					"$(inherited)",
					"@executable_path/Frameworks",
				);
				MARKETING_VERSION = 1.0;
				PRODUCT_BUNDLE_IDENTIFIER = "Egopoler-s-project.RickAndMorty";
				PRODUCT_NAME = "$(TARGET_NAME)";
				SWIFT_EMIT_LOC_STRINGS = YES;
				SWIFT_VERSION = 5.0;
				TARGETED_DEVICE_FAMILY = "1,2";
			};
			name = Debug;
		};
		5226262C2A508AB900DB0963 /* Release */ = {
			isa = XCBuildConfiguration;
			buildSettings = {
				ASSETCATALOG_COMPILER_APPICON_NAME = AppIcon;
				ASSETCATALOG_COMPILER_GLOBAL_ACCENT_COLOR_NAME = AccentColor;
				CODE_SIGN_STYLE = Automatic;
				CURRENT_PROJECT_VERSION = 1;
				DEVELOPMENT_TEAM = XA5L2M5MVF;
				GENERATE_INFOPLIST_FILE = YES;
				INFOPLIST_FILE = RickAndMorty/Info.plist;
				INFOPLIST_KEY_UIApplicationSupportsIndirectInputEvents = YES;
				INFOPLIST_KEY_UILaunchStoryboardName = LaunchScreen;
				INFOPLIST_KEY_UIMainStoryboardFile = Main;
				INFOPLIST_KEY_UISupportedInterfaceOrientations_iPad = "UIInterfaceOrientationPortrait UIInterfaceOrientationPortraitUpsideDown UIInterfaceOrientationLandscapeLeft UIInterfaceOrientationLandscapeRight";
				INFOPLIST_KEY_UISupportedInterfaceOrientations_iPhone = "UIInterfaceOrientationPortrait UIInterfaceOrientationLandscapeLeft UIInterfaceOrientationLandscapeRight";
				LD_RUNPATH_SEARCH_PATHS = (
					"$(inherited)",
					"@executable_path/Frameworks",
				);
				MARKETING_VERSION = 1.0;
				PRODUCT_BUNDLE_IDENTIFIER = "Egopoler-s-project.RickAndMorty";
				PRODUCT_NAME = "$(TARGET_NAME)";
				SWIFT_EMIT_LOC_STRINGS = YES;
				SWIFT_VERSION = 5.0;
				TARGETED_DEVICE_FAMILY = "1,2";
			};
			name = Release;
		};
		5226262E2A508AB900DB0963 /* Debug */ = {
			isa = XCBuildConfiguration;
			buildSettings = {
				ALWAYS_EMBED_SWIFT_STANDARD_LIBRARIES = YES;
				BUNDLE_LOADER = "$(TEST_HOST)";
				CODE_SIGN_STYLE = Automatic;
				CURRENT_PROJECT_VERSION = 1;
				DEVELOPMENT_TEAM = XA5L2M5MVF;
				GENERATE_INFOPLIST_FILE = YES;
				IPHONEOS_DEPLOYMENT_TARGET = 16.2;
				MARKETING_VERSION = 1.0;
				PRODUCT_BUNDLE_IDENTIFIER = "Egopoler-s-project.RickAndMortyTests";
				PRODUCT_NAME = "$(TARGET_NAME)";
				SWIFT_EMIT_LOC_STRINGS = NO;
				SWIFT_VERSION = 5.0;
				TARGETED_DEVICE_FAMILY = "1,2";
				TEST_HOST = "$(BUILT_PRODUCTS_DIR)/RickAndMorty.app/$(BUNDLE_EXECUTABLE_FOLDER_PATH)/RickAndMorty";
			};
			name = Debug;
		};
		5226262F2A508AB900DB0963 /* Release */ = {
			isa = XCBuildConfiguration;
			buildSettings = {
				ALWAYS_EMBED_SWIFT_STANDARD_LIBRARIES = YES;
				BUNDLE_LOADER = "$(TEST_HOST)";
				CODE_SIGN_STYLE = Automatic;
				CURRENT_PROJECT_VERSION = 1;
				DEVELOPMENT_TEAM = XA5L2M5MVF;
				GENERATE_INFOPLIST_FILE = YES;
				IPHONEOS_DEPLOYMENT_TARGET = 16.2;
				MARKETING_VERSION = 1.0;
				PRODUCT_BUNDLE_IDENTIFIER = "Egopoler-s-project.RickAndMortyTests";
				PRODUCT_NAME = "$(TARGET_NAME)";
				SWIFT_EMIT_LOC_STRINGS = NO;
				SWIFT_VERSION = 5.0;
				TARGETED_DEVICE_FAMILY = "1,2";
				TEST_HOST = "$(BUILT_PRODUCTS_DIR)/RickAndMorty.app/$(BUNDLE_EXECUTABLE_FOLDER_PATH)/RickAndMorty";
			};
			name = Release;
		};
		522626312A508AB900DB0963 /* Debug */ = {
			isa = XCBuildConfiguration;
			buildSettings = {
				ALWAYS_EMBED_SWIFT_STANDARD_LIBRARIES = YES;
				CODE_SIGN_STYLE = Automatic;
				CURRENT_PROJECT_VERSION = 1;
				DEVELOPMENT_TEAM = XA5L2M5MVF;
				GENERATE_INFOPLIST_FILE = YES;
				MARKETING_VERSION = 1.0;
				PRODUCT_BUNDLE_IDENTIFIER = "Egopoler-s-project.RickAndMortyUITests";
				PRODUCT_NAME = "$(TARGET_NAME)";
				SWIFT_EMIT_LOC_STRINGS = NO;
				SWIFT_VERSION = 5.0;
				TARGETED_DEVICE_FAMILY = "1,2";
				TEST_TARGET_NAME = RickAndMorty;
			};
			name = Debug;
		};
		522626322A508AB900DB0963 /* Release */ = {
			isa = XCBuildConfiguration;
			buildSettings = {
				ALWAYS_EMBED_SWIFT_STANDARD_LIBRARIES = YES;
				CODE_SIGN_STYLE = Automatic;
				CURRENT_PROJECT_VERSION = 1;
				DEVELOPMENT_TEAM = XA5L2M5MVF;
				GENERATE_INFOPLIST_FILE = YES;
				MARKETING_VERSION = 1.0;
				PRODUCT_BUNDLE_IDENTIFIER = "Egopoler-s-project.RickAndMortyUITests";
				PRODUCT_NAME = "$(TARGET_NAME)";
				SWIFT_EMIT_LOC_STRINGS = NO;
				SWIFT_VERSION = 5.0;
				TARGETED_DEVICE_FAMILY = "1,2";
				TEST_TARGET_NAME = RickAndMorty;
			};
			name = Release;
		};
/* End XCBuildConfiguration section */

/* Begin XCConfigurationList section */
		522625FB2A508AB800DB0963 /* Build configuration list for PBXProject "RickAndMorty" */ = {
			isa = XCConfigurationList;
			buildConfigurations = (
				522626282A508AB900DB0963 /* Debug */,
				522626292A508AB900DB0963 /* Release */,
			);
			defaultConfigurationIsVisible = 0;
			defaultConfigurationName = Release;
		};
		5226262A2A508AB900DB0963 /* Build configuration list for PBXNativeTarget "RickAndMorty" */ = {
			isa = XCConfigurationList;
			buildConfigurations = (
				5226262B2A508AB900DB0963 /* Debug */,
				5226262C2A508AB900DB0963 /* Release */,
			);
			defaultConfigurationIsVisible = 0;
			defaultConfigurationName = Release;
		};
		5226262D2A508AB900DB0963 /* Build configuration list for PBXNativeTarget "RickAndMortyTests" */ = {
			isa = XCConfigurationList;
			buildConfigurations = (
				5226262E2A508AB900DB0963 /* Debug */,
				5226262F2A508AB900DB0963 /* Release */,
			);
			defaultConfigurationIsVisible = 0;
			defaultConfigurationName = Release;
		};
		522626302A508AB900DB0963 /* Build configuration list for PBXNativeTarget "RickAndMortyUITests" */ = {
			isa = XCConfigurationList;
			buildConfigurations = (
				522626312A508AB900DB0963 /* Debug */,
				522626322A508AB900DB0963 /* Release */,
			);
			defaultConfigurationIsVisible = 0;
			defaultConfigurationName = Release;
		};
/* End XCConfigurationList section */
	};
	rootObject = 522625F82A508AB800DB0963 /* Project object */;
}
